
Microsoft Visual Studio Solution File, Format Version 12.00
# Visual Studio Version 16
VisualStudioVersion = 16.0.32602.291
MinimumVisualStudioVersion = 10.0.40219.1
Project("{FAE04EC0-301F-11D3-BF4B-00C04F79EFBC}") = "CollegeSemesterApi", "CollegeSemesterApi\CollegeSemesterApi.csproj", "{8ED00479-9A2E-4F6E-94BC-0A47CDB2BA4E}"
EndProject
Global
	GlobalSection(SolutionConfigurationPlatforms) = preSolution
		Debug|Any CPU = Debug|Any CPU
		Release|Any CPU = Release|Any CPU
	EndGlobalSection
	GlobalSection(ProjectConfigurationPlatforms) = postSolution
		{8ED00479-9A2E-4F6E-94BC-0A47CDB2BA4E}.Debug|Any CPU.ActiveCfg = Debug|Any CPU
		{8ED00479-9A2E-4F6E-94BC-0A47CDB2BA4E}.Debug|Any CPU.Build.0 = Debug|Any CPU
		{8ED00479-9A2E-4F6E-94BC-0A47CDB2BA4E}.Release|Any CPU.ActiveCfg = Release|Any CPU
		{8ED00479-9A2E-4F6E-94BC-0A47CDB2BA4E}.Release|Any CPU.Build.0 = Release|Any CPU
	EndGlobalSection
	GlobalSection(SolutionProperties) = preSolution
		HideSolutionNode = FALSE
	EndGlobalSection
	GlobalSection(ExtensibilityGlobals) = postSolution
		SolutionGuid = {274E7894-7488-45AB-A3BD-1086ABFF417F}
	EndGlobalSection
EndGlobal
